
Microsoft Visual Studio Solution File, Format Version 12.00
# Visual Studio Version 17
VisualStudioVersion = 17.8.34525.116
MinimumVisualStudioVersion = 10.0.40219.1
Project("{9A19103F-16F7-4668-BE54-9A1E7A4F7556}") = "preview-scroll-wheel", "prewiew-scroll-wheel\preview-scroll-wheel.csproj", "{DA81593E-7242-499A-9858-D2AD34C26743}"
EndProject
Global
	GlobalSection(SolutionConfigurationPlatforms) = preSolution
		Debug|Any CPU = Debug|Any CPU
		Release|Any CPU = Release|Any CPU
	EndGlobalSection
	GlobalSection(ProjectConfigurationPlatforms) = postSolution
		{DA81593E-7242-499A-9858-D2AD34C26743}.Debug|Any CPU.ActiveCfg = Debug|Any CPU
		{DA81593E-7242-499A-9858-D2AD34C26743}.Debug|Any CPU.Build.0 = Debug|Any CPU
		{DA81593E-7242-499A-9858-D2AD34C26743}.Release|Any CPU.ActiveCfg = Release|Any CPU
		{DA81593E-7242-499A-9858-D2AD34C26743}.Release|Any CPU.Build.0 = Release|Any CPU
	EndGlobalSection
	GlobalSection(SolutionProperties) = preSolution
		HideSolutionNode = FALSE
	EndGlobalSection
	GlobalSection(ExtensibilityGlobals) = postSolution
		SolutionGuid = {CCE23A4B-2040-4DF7-B87E-B38B5A5FB93E}
	EndGlobalSection
EndGlobal
